
Microsoft Visual Studio Solution File, Format Version 12.00
# Visual Studio Version 16
VisualStudioVersion = 16.0.30907.101
MinimumVisualStudioVersion = 10.0.40219.1
Project("{FAE04EC0-301F-11D3-BF4B-00C04F79EFBC}") = "Elsa.Samples.UserRegistration.Web", "Elsa.Samples.UserRegistration.Web\Elsa.Samples.UserRegistration.Web.csproj", "{BEE4E8A4-65BE-4276-9453-423F5D88086D}"
EndProject
Global
	GlobalSection(SolutionConfigurationPlatforms) = preSolution
		Debug|Any CPU = Debug|Any CPU
		Release|Any CPU = Release|Any CPU
	EndGlobalSection
	GlobalSection(ProjectConfigurationPlatforms) = postSolution
		{BEE4E8A4-65BE-4276-9453-423F5D88086D}.Debug|Any CPU.ActiveCfg = Debug|Any CPU
		{BEE4E8A4-65BE-4276-9453-423F5D88086D}.Debug|Any CPU.Build.0 = Debug|Any CPU
		{BEE4E8A4-65BE-4276-9453-423F5D88086D}.Release|Any CPU.ActiveCfg = Release|Any CPU
		{BEE4E8A4-65BE-4276-9453-423F5D88086D}.Release|Any CPU.Build.0 = Release|Any CPU
	EndGlobalSection
	GlobalSection(SolutionProperties) = preSolution
		HideSolutionNode = FALSE
	EndGlobalSection
	GlobalSection(ExtensibilityGlobals) = postSolution
		SolutionGuid = {92A79C1A-B74B-4308-80E7-B9EC2C0D82BD}
	EndGlobalSection
EndGlobal
